[{<<"cowboy">>,
  {git,"https://github.com/ninenines/cowboy.git",
       {ref,"a7b06f2e138c0c03c2511ed9fe6803fc9ebf3401"}},
  0},
 {<<"cowlib">>,
  {git,"https://github.com/ninenines/cowlib",
       {ref,"b6381527831c5ebb74759e119a517b7d22d4b23a"}},
  1},
 {<<"erlydtl">>,
  {git,"https://github.com/erlydtl/erlydtl.git",
       {ref,"032746b8068f367eb63923cb6f8b2095065015b9"}},
  1},
 {<<"ranch">>,
  {git,"https://github.com/ninenines/ranch",
       {ref,"55c2a9d623454f372a15e99721a37093d8773b48"}},
  1},
 {<<"rebar3_erlydtl_plugin">>,
  {git,"https://github.com/tsloughter/rebar3_erlydtl_plugin.git",
       {ref,"f1ed948604bae4aa4f488eefd32274686a902605"}},
  0}].
